
Microsoft Visual Studio Solution File, Format Version 12.00
# Visual Studio Version 16
VisualStudioVersion = 16.0.30523.141
MinimumVisualStudioVersion = 10.0.40219.1
Project("{9A19103F-16F7-4668-BE54-9A1E7A4F7556}") = "HashtagManager.Application", "HashtagManager.Application\HashtagManager.Application.csproj", "{C793601E-F8BF-4EB9-9385-755C4E8EF572}"
EndProject
Project("{9A19103F-16F7-4668-BE54-9A1E7A4F7556}") = "HashtagManager.Domain", "HashtagManager.Domain\HashtagManager.Domain.csproj", "{F8128898-6650-4A8C-88D2-9F432806DB60}"
EndProject
Project("{9A19103F-16F7-4668-BE54-9A1E7A4F7556}") = "HashtagManager", "HashtagManager\HashtagManager.csproj", "{198038FD-24EF-4947-93DE-DBE08195A416}"
EndProject
Project("{E53339B2-1760-4266-BCC7-CA923CBCF16C}") = "docker-compose", "docker-compose.dcproj", "{D3C86E16-D9D6-4F06-9AFB-C9C12F397232}"
EndProject
Project("{9A19103F-16F7-4668-BE54-9A1E7A4F7556}") = "HashtagManager.Tests", "HashtagManager.Tests\HashtagManager.Tests.csproj", "{DB1CA253-1205-4EE8-BF38-281D527BA573}"
EndProject
Global
	GlobalSection(SolutionConfigurationPlatforms) = preSolution
		Debug|Any CPU = Debug|Any CPU
		Release|Any CPU = Release|Any CPU
	EndGlobalSection
	GlobalSection(ProjectConfigurationPlatforms) = postSolution
		{C793601E-F8BF-4EB9-9385-755C4E8EF572}.Debug|Any CPU.ActiveCfg = Debug|Any CPU
		{C793601E-F8BF-4EB9-9385-755C4E8EF572}.Debug|Any CPU.Build.0 = Debug|Any CPU
		{C793601E-F8BF-4EB9-9385-755C4E8EF572}.Release|Any CPU.ActiveCfg = Release|Any CPU
		{C793601E-F8BF-4EB9-9385-755C4E8EF572}.Release|Any CPU.Build.0 = Release|Any CPU
		{F8128898-6650-4A8C-88D2-9F432806DB60}.Debug|Any CPU.ActiveCfg = Debug|Any CPU
		{F8128898-6650-4A8C-88D2-9F432806DB60}.Debug|Any CPU.Build.0 = Debug|Any CPU
		{F8128898-6650-4A8C-88D2-9F432806DB60}.Release|Any CPU.ActiveCfg = Release|Any CPU
		{F8128898-6650-4A8C-88D2-9F432806DB60}.Release|Any CPU.Build.0 = Release|Any CPU
		{198038FD-24EF-4947-93DE-DBE08195A416}.Debug|Any CPU.ActiveCfg = Debug|Any CPU
		{198038FD-24EF-4947-93DE-DBE08195A416}.Debug|Any CPU.Build.0 = Debug|Any CPU
		{198038FD-24EF-4947-93DE-DBE08195A416}.Release|Any CPU.ActiveCfg = Release|Any CPU
		{198038FD-24EF-4947-93DE-DBE08195A416}.Release|Any CPU.Build.0 = Release|Any CPU
		{D3C86E16-D9D6-4F06-9AFB-C9C12F397232}.Debug|Any CPU.ActiveCfg = Debug|Any CPU
		{D3C86E16-D9D6-4F06-9AFB-C9C12F397232}.Debug|Any CPU.Build.0 = Debug|Any CPU
		{D3C86E16-D9D6-4F06-9AFB-C9C12F397232}.Release|Any CPU.ActiveCfg = Release|Any CPU
		{D3C86E16-D9D6-4F06-9AFB-C9C12F397232}.Release|Any CPU.Build.0 = Release|Any CPU
		{DB1CA253-1205-4EE8-BF38-281D527BA573}.Debug|Any CPU.ActiveCfg = Debug|Any CPU
		{DB1CA253-1205-4EE8-BF38-281D527BA573}.Debug|Any CPU.Build.0 = Debug|Any CPU
		{DB1CA253-1205-4EE8-BF38-281D527BA573}.Release|Any CPU.ActiveCfg = Release|Any CPU
		{DB1CA253-1205-4EE8-BF38-281D527BA573}.Release|Any CPU.Build.0 = Release|Any CPU
	EndGlobalSection
	GlobalSection(SolutionProperties) = preSolution
		HideSolutionNode = FALSE
	EndGlobalSection
	GlobalSection(ExtensibilityGlobals) = postSolution
		SolutionGuid = {8E60051F-19DD-40C7-8189-57A87BF557AA}
	EndGlobalSection
EndGlobal
